
Microsoft Visual Studio Solution File, Format Version 12.00
Project("{FAE04EC0-301F-11D3-BF4B-00C04F79EFBC}") = "Console", "Console\Console.csproj", "{6BE2E39B-0783-4BDB-9F47-DFF3FF3A0380}"
EndProject
Project("{FAE04EC0-301F-11D3-BF4B-00C04F79EFBC}") = "Logic", "Logic\Logic.csproj", "{E30CE840-A552-4F5C-AE12-94697ABFC304}"
EndProject
Project("{FAE04EC0-301F-11D3-BF4B-00C04F79EFBC}") = "Graph", "Graph\Graph.csproj", "{111DB6A5-7B6A-44BB-AE52-E5E3B86ED7EA}"
EndProject
Global
	GlobalSection(SolutionConfigurationPlatforms) = preSolution
		Debug|Any CPU = Debug|Any CPU
		Release|Any CPU = Release|Any CPU
	EndGlobalSection
	GlobalSection(ProjectConfigurationPlatforms) = postSolution
		{6BE2E39B-0783-4BDB-9F47-DFF3FF3A0380}.Debug|Any CPU.ActiveCfg = Debug|Any CPU
		{6BE2E39B-0783-4BDB-9F47-DFF3FF3A0380}.Debug|Any CPU.Build.0 = Debug|Any CPU
		{6BE2E39B-0783-4BDB-9F47-DFF3FF3A0380}.Release|Any CPU.ActiveCfg = Release|Any CPU
		{6BE2E39B-0783-4BDB-9F47-DFF3FF3A0380}.Release|Any CPU.Build.0 = Release|Any CPU
		{E30CE840-A552-4F5C-AE12-94697ABFC304}.Debug|Any CPU.ActiveCfg = Debug|Any CPU
		{E30CE840-A552-4F5C-AE12-94697ABFC304}.Debug|Any CPU.Build.0 = Debug|Any CPU
		{E30CE840-A552-4F5C-AE12-94697ABFC304}.Release|Any CPU.ActiveCfg = Release|Any CPU
		{E30CE840-A552-4F5C-AE12-94697ABFC304}.Release|Any CPU.Build.0 = Release|Any CPU
		{111DB6A5-7B6A-44BB-AE52-E5E3B86ED7EA}.Debug|Any CPU.ActiveCfg = Debug|Any CPU
		{111DB6A5-7B6A-44BB-AE52-E5E3B86ED7EA}.Debug|Any CPU.Build.0 = Debug|Any CPU
		{111DB6A5-7B6A-44BB-AE52-E5E3B86ED7EA}.Release|Any CPU.ActiveCfg = Release|Any CPU
		{111DB6A5-7B6A-44BB-AE52-E5E3B86ED7EA}.Release|Any CPU.Build.0 = Release|Any CPU
	EndGlobalSection
EndGlobal
