
Microsoft Visual Studio Solution File, Format Version 12.00
Project("{FAE04EC0-301F-11D3-BF4B-00C04F79EFBC}") = "Laba1", "Laba1\Laba1.csproj", "{4D0CE70D-6045-4420-9528-773B6AFEAA4D}"
EndProject
Project("{FAE04EC0-301F-11D3-BF4B-00C04F79EFBC}") = "Laba2", "Laba2\Laba2.csproj", "{91C36E71-FC8A-41AB-8C5E-01A767609E4A}"
EndProject
Project("{FAE04EC0-301F-11D3-BF4B-00C04F79EFBC}") = "Laba3", "Laba3\Laba3.csproj", "{E848FF50-8702-4EE1-BA33-04817699FBCF}"
EndProject
Project("{FAE04EC0-301F-11D3-BF4B-00C04F79EFBC}") = "Laba4 RPN", "Laba4 RPN\Laba4 RPN.csproj", "{2309C640-B30C-443C-A1B8-4733847AE9EF}"
EndProject
Project("{FAE04EC0-301F-11D3-BF4B-00C04F79EFBC}") = "Laba5", "Laba5\Laba5.csproj", "{6BE2E39B-0783-4BDB-9F47-DFF3FF3A0380}"
EndProject
Project("{FAE04EC0-301F-11D3-BF4B-00C04F79EFBC}") = "Laba6-9", "Laba6-9\Laba6-9.csproj", "{F90226F6-4A5C-495B-92A3-DC744FB0904A}"
EndProject
Project("{FAE04EC0-301F-11D3-BF4B-00C04F79EFBC}") = "logika", "logika\logika.csproj", "{E30CE840-A552-4F5C-AE12-94697ABFC304}"
EndProject
Project("{FAE04EC0-301F-11D3-BF4B-00C04F79EFBC}") = "Laba8", "Laba8\Laba8.csproj", "{111DB6A5-7B6A-44BB-AE52-E5E3B86ED7EA}"
EndProject
Global
	GlobalSection(SolutionConfigurationPlatforms) = preSolution
		Debug|Any CPU = Debug|Any CPU
		Release|Any CPU = Release|Any CPU
	EndGlobalSection
	GlobalSection(ProjectConfigurationPlatforms) = postSolution
		{4D0CE70D-6045-4420-9528-773B6AFEAA4D}.Debug|Any CPU.ActiveCfg = Debug|Any CPU
		{4D0CE70D-6045-4420-9528-773B6AFEAA4D}.Debug|Any CPU.Build.0 = Debug|Any CPU
		{4D0CE70D-6045-4420-9528-773B6AFEAA4D}.Release|Any CPU.ActiveCfg = Release|Any CPU
		{4D0CE70D-6045-4420-9528-773B6AFEAA4D}.Release|Any CPU.Build.0 = Release|Any CPU
		{91C36E71-FC8A-41AB-8C5E-01A767609E4A}.Debug|Any CPU.ActiveCfg = Debug|Any CPU
		{91C36E71-FC8A-41AB-8C5E-01A767609E4A}.Debug|Any CPU.Build.0 = Debug|Any CPU
		{91C36E71-FC8A-41AB-8C5E-01A767609E4A}.Release|Any CPU.ActiveCfg = Release|Any CPU
		{91C36E71-FC8A-41AB-8C5E-01A767609E4A}.Release|Any CPU.Build.0 = Release|Any CPU
		{E848FF50-8702-4EE1-BA33-04817699FBCF}.Debug|Any CPU.ActiveCfg = Debug|Any CPU
		{E848FF50-8702-4EE1-BA33-04817699FBCF}.Debug|Any CPU.Build.0 = Debug|Any CPU
		{E848FF50-8702-4EE1-BA33-04817699FBCF}.Release|Any CPU.ActiveCfg = Release|Any CPU
		{E848FF50-8702-4EE1-BA33-04817699FBCF}.Release|Any CPU.Build.0 = Release|Any CPU
		{2309C640-B30C-443C-A1B8-4733847AE9EF}.Debug|Any CPU.ActiveCfg = Debug|Any CPU
		{2309C640-B30C-443C-A1B8-4733847AE9EF}.Debug|Any CPU.Build.0 = Debug|Any CPU
		{2309C640-B30C-443C-A1B8-4733847AE9EF}.Release|Any CPU.ActiveCfg = Release|Any CPU
		{2309C640-B30C-443C-A1B8-4733847AE9EF}.Release|Any CPU.Build.0 = Release|Any CPU
		{6BE2E39B-0783-4BDB-9F47-DFF3FF3A0380}.Debug|Any CPU.ActiveCfg = Debug|Any CPU
		{6BE2E39B-0783-4BDB-9F47-DFF3FF3A0380}.Debug|Any CPU.Build.0 = Debug|Any CPU
		{6BE2E39B-0783-4BDB-9F47-DFF3FF3A0380}.Release|Any CPU.ActiveCfg = Release|Any CPU
		{6BE2E39B-0783-4BDB-9F47-DFF3FF3A0380}.Release|Any CPU.Build.0 = Release|Any CPU
		{F90226F6-4A5C-495B-92A3-DC744FB0904A}.Debug|Any CPU.ActiveCfg = Debug|Any CPU
		{F90226F6-4A5C-495B-92A3-DC744FB0904A}.Debug|Any CPU.Build.0 = Debug|Any CPU
		{F90226F6-4A5C-495B-92A3-DC744FB0904A}.Release|Any CPU.ActiveCfg = Release|Any CPU
		{F90226F6-4A5C-495B-92A3-DC744FB0904A}.Release|Any CPU.Build.0 = Release|Any CPU
		{E30CE840-A552-4F5C-AE12-94697ABFC304}.Debug|Any CPU.ActiveCfg = Debug|Any CPU
		{E30CE840-A552-4F5C-AE12-94697ABFC304}.Debug|Any CPU.Build.0 = Debug|Any CPU
		{E30CE840-A552-4F5C-AE12-94697ABFC304}.Release|Any CPU.ActiveCfg = Release|Any CPU
		{E30CE840-A552-4F5C-AE12-94697ABFC304}.Release|Any CPU.Build.0 = Release|Any CPU
		{111DB6A5-7B6A-44BB-AE52-E5E3B86ED7EA}.Debug|Any CPU.ActiveCfg = Debug|Any CPU
		{111DB6A5-7B6A-44BB-AE52-E5E3B86ED7EA}.Debug|Any CPU.Build.0 = Debug|Any CPU
		{111DB6A5-7B6A-44BB-AE52-E5E3B86ED7EA}.Release|Any CPU.ActiveCfg = Release|Any CPU
		{111DB6A5-7B6A-44BB-AE52-E5E3B86ED7EA}.Release|Any CPU.Build.0 = Release|Any CPU
	EndGlobalSection
EndGlobal
